
Microsoft Visual Studio Solution File, Format Version 12.00
# Visual Studio Version 16
VisualStudioVersion = 16.0.30907.101
MinimumVisualStudioVersion = 10.0.40219.1
Project("{FAE04EC0-301F-11D3-BF4B-00C04F79EFBC}") = "Ctail.Training.Plugins", "Ctail.Training.Plugins\Ctail.Training.Plugins.csproj", "{146C0B62-CC57-49AD-BA31-C843F7B17273}"
EndProject
Project("{FAE04EC0-301F-11D3-BF4B-00C04F79EFBC}") = "Ctail.Training.WebResources", "Ctail.Training.WebResources\Ctail.Training.WebResources.csproj", "{49C3F9C8-4135-4E82-8D09-64374CBDCBF1}"
EndProject
Global
	GlobalSection(SolutionConfigurationPlatforms) = preSolution
		Debug|Any CPU = Debug|Any CPU
		Release|Any CPU = Release|Any CPU
	EndGlobalSection
	GlobalSection(ProjectConfigurationPlatforms) = postSolution
		{146C0B62-CC57-49AD-BA31-C843F7B17273}.Debug|Any CPU.ActiveCfg = Debug|Any CPU
		{146C0B62-CC57-49AD-BA31-C843F7B17273}.Debug|Any CPU.Build.0 = Debug|Any CPU
		{146C0B62-CC57-49AD-BA31-C843F7B17273}.Release|Any CPU.ActiveCfg = Release|Any CPU
		{146C0B62-CC57-49AD-BA31-C843F7B17273}.Release|Any CPU.Build.0 = Release|Any CPU
		{49C3F9C8-4135-4E82-8D09-64374CBDCBF1}.Debug|Any CPU.ActiveCfg = Debug|Any CPU
		{49C3F9C8-4135-4E82-8D09-64374CBDCBF1}.Debug|Any CPU.Build.0 = Debug|Any CPU
		{49C3F9C8-4135-4E82-8D09-64374CBDCBF1}.Release|Any CPU.ActiveCfg = Release|Any CPU
		{49C3F9C8-4135-4E82-8D09-64374CBDCBF1}.Release|Any CPU.Build.0 = Release|Any CPU
	EndGlobalSection
	GlobalSection(SolutionProperties) = preSolution
		HideSolutionNode = FALSE
	EndGlobalSection
	GlobalSection(ExtensibilityGlobals) = postSolution
		SolutionGuid = {5EF6FF5C-0ECC-498D-B967-C13AC7FCA792}
	EndGlobalSection
EndGlobal
